
Microsoft Visual Studio Solution File, Format Version 12.00
# Visual Studio Version 17
VisualStudioVersion = 17.8.34525.116
MinimumVisualStudioVersion = 10.0.40219.1
Project("{FAE04EC0-301F-11D3-BF4B-00C04F79EFBC}") = "CrudOperations", "CrudOperations\CrudOperations.csproj", "{A6BEED04-DE14-4572-8279-34CDFF3008C7}"
EndProject
Global
	GlobalSection(SolutionConfigurationPlatforms) = preSolution
		Debug|Any CPU = Debug|Any CPU
		Release|Any CPU = Release|Any CPU
	EndGlobalSection
	GlobalSection(ProjectConfigurationPlatforms) = postSolution
		{A6BEED04-DE14-4572-8279-34CDFF3008C7}.Debug|Any CPU.ActiveCfg = Debug|Any CPU
		{A6BEED04-DE14-4572-8279-34CDFF3008C7}.Debug|Any CPU.Build.0 = Debug|Any CPU
		{A6BEED04-DE14-4572-8279-34CDFF3008C7}.Release|Any CPU.ActiveCfg = Release|Any CPU
		{A6BEED04-DE14-4572-8279-34CDFF3008C7}.Release|Any CPU.Build.0 = Release|Any CPU
	EndGlobalSection
	GlobalSection(SolutionProperties) = preSolution
		HideSolutionNode = FALSE
	EndGlobalSection
	GlobalSection(ExtensibilityGlobals) = postSolution
		SolutionGuid = {0A556002-2B83-4F8B-96E6-EC4EDB6D6751}
	EndGlobalSection
EndGlobal
